// !$*UTF8*$!
{
	archiveVersion = 1;
	classes = {
	};
	objectVersion = 50;
	objects = {

/* Begin PBXBuildFile section */
		FA0C4378235323150071C343 /* AppDelegate.swift in Sources */ = {isa = PBXBuildFile; fileRef = FA0C4377235323150071C343 /* AppDelegate.swift */; };
		FA0C437C235323160071C343 /* Assets.xcassets in Resources */ = {isa = PBXBuildFile; fileRef = FA0C437B235323160071C343 /* Assets.xcassets */; };
		FA0C437F235323160071C343 /* Preview Assets.xcassets in Resources */ = {isa = PBXBuildFile; fileRef = FA0C437E235323160071C343 /* Preview Assets.xcassets */; };
		FA0C4382235323160071C343 /* Main.storyboard in Resources */ = {isa = PBXBuildFile; fileRef = FA0C4380235323160071C343 /* Main.storyboard */; };
		FA0C438B235323780071C343 /* StripView.swift in Sources */ = {isa = PBXBuildFile; fileRef = FA0C438A235323780071C343 /* StripView.swift */; };
		FA0C439023532FC20071C343 /* ColorsBridge.m in Sources */ = {isa = PBXBuildFile; fileRef = FA0C438F23532FC20071C343 /* ColorsBridge.m */; };
		FA0C43942353304A0071C343 /* colors.c in Sources */ = {isa = PBXBuildFile; fileRef = FA0C43932353304A0071C343 /* colors.c */; };
/* End PBXBuildFile section */

/* Begin PBXFileReference section */
		FA0C4374235323150071C343 /* ColorsTest.app */ = {isa = PBXFileReference; explicitFileType = wrapper.application; includeInIndex = 0; path = ColorsTest.app; sourceTree = BUILT_PRODUCTS_DIR; };
		FA0C4377235323150071C343 /* AppDelegate.swift */ = {isa = PBXFileReference; lastKnownFileType = sourcecode.swift; path = AppDelegate.swift; sourceTree = "<group>"; };
		FA0C437B235323160071C343 /* Assets.xcassets */ = {isa = PBXFileReference; lastKnownFileType = folder.assetcatalog; path = Assets.xcassets; sourceTree = "<group>"; };
		FA0C437E235323160071C343 /* Preview Assets.xcassets */ = {isa = PBXFileReference; lastKnownFileType = folder.assetcatalog; path = "Preview Assets.xcassets"; sourceTree = "<group>"; };
		FA0C4381235323160071C343 /* Base */ = {isa = PBXFileReference; lastKnownFileType = file.storyboard; name = Base; path = Base.lproj/Main.storyboard; sourceTree = "<group>"; };
		FA0C4383235323160071C343 /* Info.plist */ = {isa = PBXFileReference; lastKnownFileType = text.plist.xml; path = Info.plist; sourceTree = "<group>"; };
		FA0C4384235323160071C343 /* ColorsTest.entitlements */ = {isa = PBXFileReference; lastKnownFileType = text.plist.entitlements; path = ColorsTest.entitlements; sourceTree = "<group>"; };
		FA0C438A235323780071C343 /* StripView.swift */ = {isa = PBXFileReference; lastKnownFileType = sourcecode.swift; path = StripView.swift; sourceTree = "<group>"; };
		FA0C438D23532FC20071C343 /* ColorsTest-Bridging-Header.h */ = {isa = PBXFileReference; lastKnownFileType = sourcecode.c.h; path = "ColorsTest-Bridging-Header.h"; sourceTree = "<group>"; };
		FA0C438E23532FC20071C343 /* ColorsBridge.h */ = {isa = PBXFileReference; lastKnownFileType = sourcecode.c.h; path = ColorsBridge.h; sourceTree = "<group>"; };
		FA0C438F23532FC20071C343 /* ColorsBridge.m */ = {isa = PBXFileReference; lastKnownFileType = sourcecode.c.objc; path = ColorsBridge.m; sourceTree = "<group>"; };
		FA0C43922353304A0071C343 /* colors.h */ = {isa = PBXFileReference; lastKnownFileType = sourcecode.c.h; path = colors.h; sourceTree = "<group>"; };
		FA0C43932353304A0071C343 /* colors.c */ = {isa = PBXFileReference; lastKnownFileType = sourcecode.c.c; path = colors.c; sourceTree = "<group>"; };
/* End PBXFileReference section */

/* Begin PBXFrameworksBuildPhase section */
		FA0C4371235323150071C343 /* Frameworks */ = {
			isa = PBXFrameworksBuildPhase;
			buildActionMask = 2147483647;
			files = (
			);
			runOnlyForDeploymentPostprocessing = 0;
		};
/* End PBXFrameworksBuildPhase section */

/* Begin PBXGroup section */
		FA0C436B235323150071C343 = {
			isa = PBXGroup;
			children = (
				FA0C4376235323150071C343 /* ColorsTest */,
				FA0C4375235323150071C343 /* Products */,
			);
			sourceTree = "<group>";
		};
		FA0C4375235323150071C343 /* Products */ = {
			isa = PBXGroup;
			children = (
				FA0C4374235323150071C343 /* ColorsTest.app */,
			);
			name = Products;
			sourceTree = "<group>";
		};
		FA0C4376235323150071C343 /* ColorsTest */ = {
			isa = PBXGroup;
			children = (
				FA0C43912353302E0071C343 /* Colors */,
				FA0C438C23532F7B0071C343 /* ColorsBridge */,
				FA0C4377235323150071C343 /* AppDelegate.swift */,
				FA0C438A235323780071C343 /* StripView.swift */,
				FA0C437B235323160071C343 /* Assets.xcassets */,
				FA0C4380235323160071C343 /* Main.storyboard */,
				FA0C4383235323160071C343 /* Info.plist */,
				FA0C4384235323160071C343 /* ColorsTest.entitlements */,
				FA0C437D235323160071C343 /* Preview Content */,
			);
			path = ColorsTest;
			sourceTree = "<group>";
		};
		FA0C437D235323160071C343 /* Preview Content */ = {
			isa = PBXGroup;
			children = (
				FA0C437E235323160071C343 /* Preview Assets.xcassets */,
			);
			path = "Preview Content";
			sourceTree = "<group>";
		};
		FA0C438C23532F7B0071C343 /* ColorsBridge */ = {
			isa = PBXGroup;
			children = (
				FA0C438E23532FC20071C343 /* ColorsBridge.h */,
				FA0C438F23532FC20071C343 /* ColorsBridge.m */,
				FA0C438D23532FC20071C343 /* ColorsTest-Bridging-Header.h */,
			);
			path = ColorsBridge;
			sourceTree = "<group>";
		};
		FA0C43912353302E0071C343 /* Colors */ = {
			isa = PBXGroup;
			children = (
				FA0C43922353304A0071C343 /* colors.h */,
				FA0C43932353304A0071C343 /* colors.c */,
			);
			path = Colors;
			sourceTree = "<group>";
		};
/* End PBXGroup section */

/* Begin PBXNativeTarget section */
		FA0C4373235323150071C343 /* ColorsTest */ = {
			isa = PBXNativeTarget;
			buildConfigurationList = FA0C4387235323160071C343 /* Build configuration list for PBXNativeTarget "ColorsTest" */;
			buildPhases = (
				FA0C4370235323150071C343 /* Sources */,
				FA0C4371235323150071C343 /* Frameworks */,
				FA0C4372235323150071C343 /* Resources */,
			);
			buildRules = (
			);
			dependencies = (
			);
			name = ColorsTest;
			productName = ColorsTest;
			productReference = FA0C4374235323150071C343 /* ColorsTest.app */;
			productType = "com.apple.product-type.application";
		};
/* End PBXNativeTarget section */

/* Begin PBXProject section */
		FA0C436C235323150071C343 /* Project object */ = {
			isa = PBXProject;
			attributes = {
				LastSwiftUpdateCheck = 1110;
				LastUpgradeCheck = 1110;
				ORGANIZATIONNAME = Alex;
				TargetAttributes = {
					FA0C4373235323150071C343 = {
						CreatedOnToolsVersion = 11.1;
						LastSwiftMigration = 1110;
					};
				};
			};
			buildConfigurationList = FA0C436F235323150071C343 /* Build configuration list for PBXProject "ColorsTest" */;
			compatibilityVersion = "Xcode 9.3";
			developmentRegion = en;
			hasScannedForEncodings = 0;
			knownRegions = (
				en,
				Base,
			);
			mainGroup = FA0C436B235323150071C343;
			productRefGroup = FA0C4375235323150071C343 /* Products */;
			projectDirPath = "";
			projectRoot = "";
			targets = (
				FA0C4373235323150071C343 /* ColorsTest */,
			);
		};
/* End PBXProject section */

/* Begin PBXResourcesBuildPhase section */
		FA0C4372235323150071C343 /* Resources */ = {
			isa = PBXResourcesBuildPhase;
			buildActionMask = 2147483647;
			files = (
				FA0C4382235323160071C343 /* Main.storyboard in Resources */,
				FA0C437F235323160071C343 /* Preview Assets.xcassets in Resources */,
				FA0C437C235323160071C343 /* Assets.xcassets in Resources */,
			);
			runOnlyForDeploymentPostprocessing = 0;
		};
/* End PBXResourcesBuildPhase section */

/* Begin PBXSourcesBuildPhase section */
		FA0C4370235323150071C343 /* Sources */ = {
			isa = PBXSourcesBuildPhase;
			buildActionMask = 2147483647;
			files = (
				FA0C4378235323150071C343 /* AppDelegate.swift in Sources */,
				FA0C439023532FC20071C343 /* ColorsBridge.m in Sources */,
				FA0C438B235323780071C343 /* StripView.swift in Sources */,
				FA0C43942353304A0071C343 /* colors.c in Sources */,
			);
			runOnlyForDeploymentPostprocessing = 0;
		};
/* End PBXSourcesBuildPhase section */

/* Begin PBXVariantGroup section */
		FA0C4380235323160071C343 /* Main.storyboard */ = {
			isa = PBXVariantGroup;
			children = (
				FA0C4381235323160071C343 /* Base */,
			);
			name = Main.storyboard;
			sourceTree = "<group>";
		};
/* End PBXVariantGroup section */

/* Begin XCBuildConfiguration section */
		FA0C4385235323160071C343 /* Debug */ = {
			isa = XCBuildConfiguration;
			buildSettings = {
				ALWAYS_SEARCH_USER_PATHS = NO;
				CLANG_ANALYZER_NONNULL = YES;
				CLANG_ANALYZER_NUMBER_OBJECT_CONVERSION = YES_AGGRESSIVE;
				CLANG_CXX_LANGUAGE_STANDARD = "gnu++14";
				CLANG_CXX_LIBRARY = "libc++";
				CLANG_ENABLE_MODULES = YES;
				CLANG_ENABLE_OBJC_ARC = YES;
				CLANG_ENABLE_OBJC_WEAK = YES;
				CLANG_WARN_BLOCK_CAPTURE_AUTORELEASING = YES;
				CLANG_WARN_BOOL_CONVERSION = YES;
				CLANG_WARN_COMMA = YES;
				CLANG_WARN_CONSTANT_CONVERSION = YES;
				CLANG_WARN_DEPRECATED_OBJC_IMPLEMENTATIONS = YES;
				CLANG_WARN_DIRECT_OBJC_ISA_USAGE = YES_ERROR;
				CLANG_WARN_DOCUMENTATION_COMMENTS = YES;
				CLANG_WARN_EMPTY_BODY = YES;
				CLANG_WARN_ENUM_CONVERSION = YES;
				CLANG_WARN_INFINITE_RECURSION = YES;
				CLANG_WARN_INT_CONVERSION = YES;
				CLANG_WARN_NON_LITERAL_NULL_CONVERSION = YES;
				CLANG_WARN_OBJC_IMPLICIT_RETAIN_SELF = YES;
				CLANG_WARN_OBJC_LITERAL_CONVERSION = YES;
				CLANG_WARN_OBJC_ROOT_CLASS = YES_ERROR;
				CLANG_WARN_RANGE_LOOP_ANALYSIS = YES;
				CLANG_WARN_STRICT_PROTOTYPES = YES;
				CLANG_WARN_SUSPICIOUS_MOVE = YES;
				CLANG_WARN_UNGUARDED_AVAILABILITY = YES_AGGRESSIVE;
				CLANG_WARN_UNREACHABLE_CODE = YES;
				CLANG_WARN__DUPLICATE_METHOD_MATCH = YES;
				COPY_PHASE_STRIP = NO;
				DEBUG_INFORMATION_FORMAT = dwarf;
				ENABLE_STRICT_OBJC_MSGSEND = YES;
				ENABLE_TESTABILITY = YES;
				GCC_C_LANGUAGE_STANDARD = gnu11;
				GCC_DYNAMIC_NO_PIC = NO;
				GCC_NO_COMMON_BLOCKS = YES;
				GCC_OPTIMIZATION_LEVEL = 0;
				GCC_PREPROCESSOR_DEFINITIONS = (
					"DEBUG=1",
					"$(inherited)",
				);
				GCC_WARN_64_TO_32_BIT_CONVERSION = YES;
				GCC_WARN_ABOUT_RETURN_TYPE = YES_ERROR;
				GCC_WARN_UNDECLARED_SELECTOR = YES;
				GCC_WARN_UNINITIALIZED_AUTOS = YES_AGGRESSIVE;
				GCC_WARN_UNUSED_FUNCTION = YES;
				GCC_WARN_UNUSED_VARIABLE = YES;
				MACOSX_DEPLOYMENT_TARGET = 10.15;
				MTL_ENABLE_DEBUG_INFO = INCLUDE_SOURCE;
				MTL_FAST_MATH = YES;
				ONLY_ACTIVE_ARCH = YES;
				SDKROOT = macosx;
				SWIFT_ACTIVE_COMPILATION_CONDITIONS = DEBUG;
				SWIFT_OPTIMIZATION_LEVEL = "-Onone";
			};
			name = Debug;
		};
		FA0C4386235323160071C343 /* Release */ = {
			isa = XCBuildConfiguration;
			buildSettings = {
				ALWAYS_SEARCH_USER_PATHS = NO;
				CLANG_ANALYZER_NONNULL = YES;
				CLANG_ANALYZER_NUMBER_OBJECT_CONVERSION = YES_AGGRESSIVE;
				CLANG_CXX_LANGUAGE_STANDARD = "gnu++14";
				CLANG_CXX_LIBRARY = "libc++";
				CLANG_ENABLE_MODULES = YES;
				CLANG_ENABLE_OBJC_ARC = YES;
				CLANG_ENABLE_OBJC_WEAK = YES;
				CLANG_WARN_BLOCK_CAPTURE_AUTORELEASING = YES;
				CLANG_WARN_BOOL_CONVERSION = YES;
				CLANG_WARN_COMMA = YES;
				CLANG_WARN_CONSTANT_CONVERSION = YES;
				CLANG_WARN_DEPRECATED_OBJC_IMPLEMENTATIONS = YES;
				CLANG_WARN_DIRECT_OBJC_ISA_USAGE = YES_ERROR;
				CLANG_WARN_DOCUMENTATION_COMMENTS = YES;
				CLANG_WARN_EMPTY_BODY = YES;
				CLANG_WARN_ENUM_CONVERSION = YES;
				CLANG_WARN_INFINITE_RECURSION = YES;
				CLANG_WARN_INT_CONVERSION = YES;
				CLANG_WARN_NON_LITERAL_NULL_CONVERSION = YES;
				CLANG_WARN_OBJC_IMPLICIT_RETAIN_SELF = YES;
				CLANG_WARN_OBJC_LITERAL_CONVERSION = YES;
				CLANG_WARN_OBJC_ROOT_CLASS = YES_ERROR;
				CLANG_WARN_RANGE_LOOP_ANALYSIS = YES;
				CLANG_WARN_STRICT_PROTOTYPES = YES;
				CLANG_WARN_SUSPICIOUS_MOVE = YES;
				CLANG_WARN_UNGUARDED_AVAILABILITY = YES_AGGRESSIVE;
				CLANG_WARN_UNREACHABLE_CODE = YES;
				CLANG_WARN__DUPLICATE_METHOD_MATCH = YES;
				COPY_PHASE_STRIP = NO;
				DEBUG_INFORMATION_FORMAT = "dwarf-with-dsym";
				ENABLE_NS_ASSERTIONS = NO;
				ENABLE_STRICT_OBJC_MSGSEND = YES;
				GCC_C_LANGUAGE_STANDARD = gnu11;
				GCC_NO_COMMON_BLOCKS = YES;
				GCC_WARN_64_TO_32_BIT_CONVERSION = YES;
				GCC_WARN_ABOUT_RETURN_TYPE = YES_ERROR;
				GCC_WARN_UNDECLARED_SELECTOR = YES;
				GCC_WARN_UNINITIALIZED_AUTOS = YES_AGGRESSIVE;
				GCC_WARN_UNUSED_FUNCTION = YES;
				GCC_WARN_UNUSED_VARIABLE = YES;
				MACOSX_DEPLOYMENT_TARGET = 10.15;
				MTL_ENABLE_DEBUG_INFO = NO;
				MTL_FAST_MATH = YES;
				SDKROOT = macosx;
				SWIFT_COMPILATION_MODE = wholemodule;
				SWIFT_OPTIMIZATION_LEVEL = "-O";
			};
			name = Release;
		};
		FA0C4388235323160071C343 /* Debug */ = {
			isa = XCBuildConfiguration;
			buildSettings = {
				ASSETCATALOG_COMPILER_APPICON_NAME = AppIcon;
				CLANG_ENABLE_MODULES = YES;
				CODE_SIGN_ENTITLEMENTS = ColorsTest/ColorsTest.entitlements;
				CODE_SIGN_STYLE = Automatic;
				COMBINE_HIDPI_IMAGES = YES;
				DEVELOPMENT_ASSET_PATHS = "\"ColorsTest/Preview Content\"";
				DEVELOPMENT_TEAM = 22U234HGU8;
				ENABLE_HARDENED_RUNTIME = YES;
				ENABLE_PREVIEWS = YES;
				INFOPLIST_FILE = ColorsTest/Info.plist;
				LD_RUNPATH_SEARCH_PATHS = (
					"$(inherited)",
					"@executable_path/../Frameworks",
				);
				MACOSX_DEPLOYMENT_TARGET = 10.15;
				PRODUCT_BUNDLE_IDENTIFIER = vihlayew.ColorsTest;
				PRODUCT_NAME = "$(TARGET_NAME)";
				SWIFT_OBJC_BRIDGING_HEADER = "ColorsTest/ColorsBridge/ColorsTest-Bridging-Header.h";
				SWIFT_OPTIMIZATION_LEVEL = "-Onone";
				SWIFT_VERSION = 5.0;
			};
			name = Debug;
		};
		FA0C4389235323160071C343 /* Release */ = {
			isa = XCBuildConfiguration;
			buildSettings = {
				ASSETCATALOG_COMPILER_APPICON_NAME = AppIcon;
				CLANG_ENABLE_MODULES = YES;
				CODE_SIGN_ENTITLEMENTS = ColorsTest/ColorsTest.entitlements;
				CODE_SIGN_STYLE = Automatic;
				COMBINE_HIDPI_IMAGES = YES;
				DEVELOPMENT_ASSET_PATHS = "\"ColorsTest/Preview Content\"";
				DEVELOPMENT_TEAM = 22U234HGU8;
				ENABLE_HARDENED_RUNTIME = YES;
				ENABLE_PREVIEWS = YES;
				INFOPLIST_FILE = ColorsTest/Info.plist;
				LD_RUNPATH_SEARCH_PATHS = (
					"$(inherited)",
					"@executable_path/../Frameworks",
				);
				MACOSX_DEPLOYMENT_TARGET = 10.15;
				PRODUCT_BUNDLE_IDENTIFIER = vihlayew.ColorsTest;
				PRODUCT_NAME = "$(TARGET_NAME)";
				SWIFT_OBJC_BRIDGING_HEADER = "ColorsTest/ColorsBridge/ColorsTest-Bridging-Header.h";
				SWIFT_VERSION = 5.0;
			};
			name = Release;
		};
/* End XCBuildConfiguration section */

/* Begin XCConfigurationList section */
		FA0C436F235323150071C343 /* Build configuration list for PBXProject "ColorsTest" */ = {
			isa = XCConfigurationList;
			buildConfigurations = (
				FA0C4385235323160071C343 /* Debug */,
				FA0C4386235323160071C343 /* Release */,
			);
			defaultConfigurationIsVisible = 0;
			defaultConfigurationName = Release;
		};
		FA0C4387235323160071C343 /* Build configuration list for PBXNativeTarget "ColorsTest" */ = {
			isa = XCConfigurationList;
			buildConfigurations = (
				FA0C4388235323160071C343 /* Debug */,
				FA0C4389235323160071C343 /* Release */,
			);
			defaultConfigurationIsVisible = 0;
			defaultConfigurationName = Release;
		};
/* End XCConfigurationList section */
	};
	rootObject = FA0C436C235323150071C343 /* Project object */;
}
